
Microsoft Visual Studio Solution File, Format Version 12.00
# Visual Studio 15
VisualStudioVersion = 15.0.26430.14
MinimumVisualStudioVersion = 10.0.40219.1
Project("{FAE04EC0-301F-11D3-BF4B-00C04F79EFBC}") = "BL", "BL\BL.csproj", "{513D7C21-D577-429A-B9A2-B1EE8666E4F6}"
EndProject
Project("{FAE04EC0-301F-11D3-BF4B-00C04F79EFBC}") = "DTO", "DTO\DTO.csproj", "{03C88466-4519-4426-A447-3E3FDF62E995}"
EndProject
Project("{FAE04EC0-301F-11D3-BF4B-00C04F79EFBC}") = "API1", "API1\API1.csproj", "{C45B21AE-5DC4-4E2F-A8AC-76AF5F8814F7}"
EndProject
Project("{FAE04EC0-301F-11D3-BF4B-00C04F79EFBC}") = "DAL", "DAL\DAL.csproj", "{6143E2FF-ADEF-4D97-8ED9-C59E49206581}"
EndProject
Global
	GlobalSection(SolutionConfigurationPlatforms) = preSolution
		Debug|Any CPU = Debug|Any CPU
		Debug|ARM = Debug|ARM
		Debug|ARM64 = Debug|ARM64
		Debug|x64 = Debug|x64
		Debug|x86 = Debug|x86
		Release|Any CPU = Release|Any CPU
		Release|ARM = Release|ARM
		Release|ARM64 = Release|ARM64
		Release|x64 = Release|x64
		Release|x86 = Release|x86
	EndGlobalSection
	GlobalSection(ProjectConfigurationPlatforms) = postSolution
		{513D7C21-D577-429A-B9A2-B1EE8666E4F6}.Debug|Any CPU.ActiveCfg = Debug|Any CPU
		{513D7C21-D577-429A-B9A2-B1EE8666E4F6}.Debug|Any CPU.Build.0 = Debug|Any CPU
		{513D7C21-D577-429A-B9A2-B1EE8666E4F6}.Debug|ARM.ActiveCfg = Debug|Any CPU
		{513D7C21-D577-429A-B9A2-B1EE8666E4F6}.Debug|ARM.Build.0 = Debug|Any CPU
		{513D7C21-D577-429A-B9A2-B1EE8666E4F6}.Debug|ARM64.ActiveCfg = Debug|Any CPU
		{513D7C21-D577-429A-B9A2-B1EE8666E4F6}.Debug|ARM64.Build.0 = Debug|Any CPU
		{513D7C21-D577-429A-B9A2-B1EE8666E4F6}.Debug|x64.ActiveCfg = Debug|Any CPU
		{513D7C21-D577-429A-B9A2-B1EE8666E4F6}.Debug|x64.Build.0 = Debug|Any CPU
		{513D7C21-D577-429A-B9A2-B1EE8666E4F6}.Debug|x86.ActiveCfg = Debug|Any CPU
		{513D7C21-D577-429A-B9A2-B1EE8666E4F6}.Debug|x86.Build.0 = Debug|Any CPU
		{513D7C21-D577-429A-B9A2-B1EE8666E4F6}.Release|Any CPU.ActiveCfg = Release|Any CPU
		{513D7C21-D577-429A-B9A2-B1EE8666E4F6}.Release|Any CPU.Build.0 = Release|Any CPU
		{513D7C21-D577-429A-B9A2-B1EE8666E4F6}.Release|ARM.ActiveCfg = Release|Any CPU
		{513D7C21-D577-429A-B9A2-B1EE8666E4F6}.Release|ARM.Build.0 = Release|Any CPU
		{513D7C21-D577-429A-B9A2-B1EE8666E4F6}.Release|ARM64.ActiveCfg = Release|Any CPU
		{513D7C21-D577-429A-B9A2-B1EE8666E4F6}.Release|ARM64.Build.0 = Release|Any CPU
		{513D7C21-D577-429A-B9A2-B1EE8666E4F6}.Release|x64.ActiveCfg = Release|Any CPU
		{513D7C21-D577-429A-B9A2-B1EE8666E4F6}.Release|x64.Build.0 = Release|Any CPU
		{513D7C21-D577-429A-B9A2-B1EE8666E4F6}.Release|x86.ActiveCfg = Release|Any CPU
		{513D7C21-D577-429A-B9A2-B1EE8666E4F6}.Release|x86.Build.0 = Release|Any CPU
		{03C88466-4519-4426-A447-3E3FDF62E995}.Debug|Any CPU.ActiveCfg = Debug|Any CPU
		{03C88466-4519-4426-A447-3E3FDF62E995}.Debug|Any CPU.Build.0 = Debug|Any CPU
		{03C88466-4519-4426-A447-3E3FDF62E995}.Debug|ARM.ActiveCfg = Debug|Any CPU
		{03C88466-4519-4426-A447-3E3FDF62E995}.Debug|ARM.Build.0 = Debug|Any CPU
		{03C88466-4519-4426-A447-3E3FDF62E995}.Debug|ARM64.ActiveCfg = Debug|Any CPU
		{03C88466-4519-4426-A447-3E3FDF62E995}.Debug|ARM64.Build.0 = Debug|Any CPU
		{03C88466-4519-4426-A447-3E3FDF62E995}.Debug|x64.ActiveCfg = Debug|Any CPU
		{03C88466-4519-4426-A447-3E3FDF62E995}.Debug|x64.Build.0 = Debug|Any CPU
		{03C88466-4519-4426-A447-3E3FDF62E995}.Debug|x86.ActiveCfg = Debug|Any CPU
		{03C88466-4519-4426-A447-3E3FDF62E995}.Debug|x86.Build.0 = Debug|Any CPU
		{03C88466-4519-4426-A447-3E3FDF62E995}.Release|Any CPU.ActiveCfg = Release|Any CPU
		{03C88466-4519-4426-A447-3E3FDF62E995}.Release|Any CPU.Build.0 = Release|Any CPU
		{03C88466-4519-4426-A447-3E3FDF62E995}.Release|ARM.ActiveCfg = Release|Any CPU
		{03C88466-4519-4426-A447-3E3FDF62E995}.Release|ARM.Build.0 = Release|Any CPU
		{03C88466-4519-4426-A447-3E3FDF62E995}.Release|ARM64.ActiveCfg = Release|Any CPU
		{03C88466-4519-4426-A447-3E3FDF62E995}.Release|ARM64.Build.0 = Release|Any CPU
		{03C88466-4519-4426-A447-3E3FDF62E995}.Release|x64.ActiveCfg = Release|Any CPU
		{03C88466-4519-4426-A447-3E3FDF62E995}.Release|x64.Build.0 = Release|Any CPU
		{03C88466-4519-4426-A447-3E3FDF62E995}.Release|x86.ActiveCfg = Release|Any CPU
		{03C88466-4519-4426-A447-3E3FDF62E995}.Release|x86.Build.0 = Release|Any CPU
		{C45B21AE-5DC4-4E2F-A8AC-76AF5F8814F7}.Debug|Any CPU.ActiveCfg = Debug|Any CPU
		{C45B21AE-5DC4-4E2F-A8AC-76AF5F8814F7}.Debug|Any CPU.Build.0 = Debug|Any CPU
		{C45B21AE-5DC4-4E2F-A8AC-76AF5F8814F7}.Debug|ARM.ActiveCfg = Debug|Any CPU
		{C45B21AE-5DC4-4E2F-A8AC-76AF5F8814F7}.Debug|ARM.Build.0 = Debug|Any CPU
		{C45B21AE-5DC4-4E2F-A8AC-76AF5F8814F7}.Debug|ARM64.ActiveCfg = Debug|Any CPU
		{C45B21AE-5DC4-4E2F-A8AC-76AF5F8814F7}.Debug|ARM64.Build.0 = Debug|Any CPU
		{C45B21AE-5DC4-4E2F-A8AC-76AF5F8814F7}.Debug|x64.ActiveCfg = Debug|Any CPU
		{C45B21AE-5DC4-4E2F-A8AC-76AF5F8814F7}.Debug|x64.Build.0 = Debug|Any CPU
		{C45B21AE-5DC4-4E2F-A8AC-76AF5F8814F7}.Debug|x86.ActiveCfg = Debug|Any CPU
		{C45B21AE-5DC4-4E2F-A8AC-76AF5F8814F7}.Debug|x86.Build.0 = Debug|Any CPU
		{C45B21AE-5DC4-4E2F-A8AC-76AF5F8814F7}.Release|Any CPU.ActiveCfg = Release|Any CPU
		{C45B21AE-5DC4-4E2F-A8AC-76AF5F8814F7}.Release|Any CPU.Build.0 = Release|Any CPU
		{C45B21AE-5DC4-4E2F-A8AC-76AF5F8814F7}.Release|ARM.ActiveCfg = Release|Any CPU
		{C45B21AE-5DC4-4E2F-A8AC-76AF5F8814F7}.Release|ARM.Build.0 = Release|Any CPU
		{C45B21AE-5DC4-4E2F-A8AC-76AF5F8814F7}.Release|ARM64.ActiveCfg = Release|Any CPU
		{C45B21AE-5DC4-4E2F-A8AC-76AF5F8814F7}.Release|ARM64.Build.0 = Release|Any CPU
		{C45B21AE-5DC4-4E2F-A8AC-76AF5F8814F7}.Release|x64.ActiveCfg = Release|Any CPU
		{C45B21AE-5DC4-4E2F-A8AC-76AF5F8814F7}.Release|x64.Build.0 = Release|Any CPU
		{C45B21AE-5DC4-4E2F-A8AC-76AF5F8814F7}.Release|x86.ActiveCfg = Release|Any CPU
		{C45B21AE-5DC4-4E2F-A8AC-76AF5F8814F7}.Release|x86.Build.0 = Release|Any CPU
		{6143E2FF-ADEF-4D97-8ED9-C59E49206581}.Debug|Any CPU.ActiveCfg = Debug|Any CPU
		{6143E2FF-ADEF-4D97-8ED9-C59E49206581}.Debug|Any CPU.Build.0 = Debug|Any CPU
		{6143E2FF-ADEF-4D97-8ED9-C59E49206581}.Debug|ARM.ActiveCfg = Debug|Any CPU
		{6143E2FF-ADEF-4D97-8ED9-C59E49206581}.Debug|ARM.Build.0 = Debug|Any CPU
		{6143E2FF-ADEF-4D97-8ED9-C59E49206581}.Debug|ARM64.ActiveCfg = Debug|Any CPU
		{6143E2FF-ADEF-4D97-8ED9-C59E49206581}.Debug|ARM64.Build.0 = Debug|Any CPU
		{6143E2FF-ADEF-4D97-8ED9-C59E49206581}.Debug|x64.ActiveCfg = Debug|Any CPU
		{6143E2FF-ADEF-4D97-8ED9-C59E49206581}.Debug|x64.Build.0 = Debug|Any CPU
		{6143E2FF-ADEF-4D97-8ED9-C59E49206581}.Debug|x86.ActiveCfg = Debug|Any CPU
		{6143E2FF-ADEF-4D97-8ED9-C59E49206581}.Debug|x86.Build.0 = Debug|Any CPU
		{6143E2FF-ADEF-4D97-8ED9-C59E49206581}.Release|Any CPU.ActiveCfg = Release|Any CPU
		{6143E2FF-ADEF-4D97-8ED9-C59E49206581}.Release|Any CPU.Build.0 = Release|Any CPU
		{6143E2FF-ADEF-4D97-8ED9-C59E49206581}.Release|ARM.ActiveCfg = Release|Any CPU
		{6143E2FF-ADEF-4D97-8ED9-C59E49206581}.Release|ARM.Build.0 = Release|Any CPU
		{6143E2FF-ADEF-4D97-8ED9-C59E49206581}.Release|ARM64.ActiveCfg = Release|Any CPU
		{6143E2FF-ADEF-4D97-8ED9-C59E49206581}.Release|ARM64.Build.0 = Release|Any CPU
		{6143E2FF-ADEF-4D97-8ED9-C59E49206581}.Release|x64.ActiveCfg = Release|Any CPU
		{6143E2FF-ADEF-4D97-8ED9-C59E49206581}.Release|x64.Build.0 = Release|Any CPU
		{6143E2FF-ADEF-4D97-8ED9-C59E49206581}.Release|x86.ActiveCfg = Release|Any CPU
		{6143E2FF-ADEF-4D97-8ED9-C59E49206581}.Release|x86.Build.0 = Release|Any CPU
	EndGlobalSection
	GlobalSection(SolutionProperties) = preSolution
		HideSolutionNode = FALSE
	EndGlobalSection
	GlobalSection(ExtensibilityGlobals) = postSolution
		SolutionGuid = {777DB4AA-C7CE-4586-A245-0F8858F40343}
	EndGlobalSection
EndGlobal
